// !$*UTF8*$!
{
	archiveVersion = 1;
	classes = {
	};
	objectVersion = 56;
	objects = {

/* Begin PBXBuildFile section */
		2FFA6688B5B30E57CA8F4000 /* Pods_Weather_mapTests.framework in Frameworks */ = {isa = PBXBuildFile; fileRef = A5D364561C35C54F2B2129E2 /* Pods_Weather_mapTests.framework */; };
		4928D924294F8F5E005ABA2B /* AppDelegate.swift in Sources */ = {isa = PBXBuildFile; fileRef = 4928D923294F8F5E005ABA2B /* AppDelegate.swift */; };
		4928D926294F8F5E005ABA2B /* SceneDelegate.swift in Sources */ = {isa = PBXBuildFile; fileRef = 4928D925294F8F5E005ABA2B /* SceneDelegate.swift */; };
		4928D928294F8F5E005ABA2B /* MapViewController.swift in Sources */ = {isa = PBXBuildFile; fileRef = 4928D927294F8F5E005ABA2B /* MapViewController.swift */; };
		4928D92B294F8F5E005ABA2B /* Main.storyboard in Resources */ = {isa = PBXBuildFile; fileRef = 4928D929294F8F5E005ABA2B /* Main.storyboard */; };
		4928D92D294F8F60005ABA2B /* Assets.xcassets in Resources */ = {isa = PBXBuildFile; fileRef = 4928D92C294F8F60005ABA2B /* Assets.xcassets */; };
		4928D930294F8F60005ABA2B /* LaunchScreen.storyboard in Resources */ = {isa = PBXBuildFile; fileRef = 4928D92E294F8F60005ABA2B /* LaunchScreen.storyboard */; };
		4928D93B294F8F61005ABA2B /* Weather_mapTests.swift in Sources */ = {isa = PBXBuildFile; fileRef = 4928D93A294F8F61005ABA2B /* Weather_mapTests.swift */; };
		4928D945294F8F61005ABA2B /* Weather_mapUITests.swift in Sources */ = {isa = PBXBuildFile; fileRef = 4928D944294F8F61005ABA2B /* Weather_mapUITests.swift */; };
		4928D947294F8F61005ABA2B /* Weather_mapUITestsLaunchTests.swift in Sources */ = {isa = PBXBuildFile; fileRef = 4928D946294F8F61005ABA2B /* Weather_mapUITestsLaunchTests.swift */; };
		4928D957294F92B5005ABA2B /* UserLocationView.swift in Sources */ = {isa = PBXBuildFile; fileRef = 4928D956294F92B5005ABA2B /* UserLocationView.swift */; };
		4928D95A294F92E0005ABA2B /* UIView + Constraints.swift in Sources */ = {isa = PBXBuildFile; fileRef = 4928D959294F92E0005ABA2B /* UIView + Constraints.swift */; };
		4928D95C294F92F7005ABA2B /* With.swift in Sources */ = {isa = PBXBuildFile; fileRef = 4928D95B294F92F7005ABA2B /* With.swift */; };
		494A93E92964AF1400E7D650 /* Inter-Medium.ttf in Resources */ = {isa = PBXBuildFile; fileRef = 494A93DD2964AF1400E7D650 /* Inter-Medium.ttf */; };
		494A93EA2964AF1400E7D650 /* Inter-Light.ttf in Resources */ = {isa = PBXBuildFile; fileRef = 494A93DE2964AF1400E7D650 /* Inter-Light.ttf */; };
		494A93EB2964AF1400E7D650 /* Inter-Thin.ttf in Resources */ = {isa = PBXBuildFile; fileRef = 494A93DF2964AF1400E7D650 /* Inter-Thin.ttf */; };
		494A93EC2964AF1400E7D650 /* Inter-Bold.ttf in Resources */ = {isa = PBXBuildFile; fileRef = 494A93E02964AF1400E7D650 /* Inter-Bold.ttf */; };
		494A93ED2964AF1400E7D650 /* Inter-Regular.ttf in Resources */ = {isa = PBXBuildFile; fileRef = 494A93E12964AF1400E7D650 /* Inter-Regular.ttf */; };
		494A93EE2964AF1400E7D650 /* Inter-ExtraBold.ttf in Resources */ = {isa = PBXBuildFile; fileRef = 494A93E22964AF1400E7D650 /* Inter-ExtraBold.ttf */; };
		494A93EF2964AF1400E7D650 /* Inter-ExtraLight.ttf in Resources */ = {isa = PBXBuildFile; fileRef = 494A93E32964AF1400E7D650 /* Inter-ExtraLight.ttf */; };
		494A93F12964AF1400E7D650 /* Inter-SemiBold.ttf in Resources */ = {isa = PBXBuildFile; fileRef = 494A93E52964AF1400E7D650 /* Inter-SemiBold.ttf */; };
		494A93F52964B02D00E7D650 /* Fonts.swift in Sources */ = {isa = PBXBuildFile; fileRef = 494A93F42964B02D00E7D650 /* Fonts.swift */; };
		494A93F72964B7C100E7D650 /* WeatherForecastTableManager.swift in Sources */ = {isa = PBXBuildFile; fileRef = 494A93F62964B7C100E7D650 /* WeatherForecastTableManager.swift */; };
		494A93F92964BADF00E7D650 /* WeatherForecastTableViewCell.swift in Sources */ = {isa = PBXBuildFile; fileRef = 494A93F82964BADF00E7D650 /* WeatherForecastTableViewCell.swift */; };
		494A93FD2964C76F00E7D650 /* Int.swift in Sources */ = {isa = PBXBuildFile; fileRef = 494A93FC2964C76F00E7D650 /* Int.swift */; };
		4971E2522969A59D00D7A311 /* FirebaseAnalytics in Frameworks */ = {isa = PBXBuildFile; productRef = 4971E2512969A59D00D7A311 /* FirebaseAnalytics */; };
		4971E2542969A59D00D7A311 /* FirebaseAnalyticsSwift in Frameworks */ = {isa = PBXBuildFile; productRef = 4971E2532969A59D00D7A311 /* FirebaseAnalyticsSwift */; };
		4971E2562969A59D00D7A311 /* FirebaseCrashlytics in Frameworks */ = {isa = PBXBuildFile; productRef = 4971E2552969A59D00D7A311 /* FirebaseCrashlytics */; };
		4971E2582969A59D00D7A311 /* FirebasePerformance in Frameworks */ = {isa = PBXBuildFile; productRef = 4971E2572969A59D00D7A311 /* FirebasePerformance */; };
		4971E25A2969A59D00D7A311 /* FirebaseRemoteConfig in Frameworks */ = {isa = PBXBuildFile; productRef = 4971E2592969A59D00D7A311 /* FirebaseRemoteConfig */; };
		4971E25C2969A59D00D7A311 /* FirebaseRemoteConfigSwift in Frameworks */ = {isa = PBXBuildFile; productRef = 4971E25B2969A59D00D7A311 /* FirebaseRemoteConfigSwift */; };
		4971E25E2969A69E00D7A311 /* GoogleService-Info.plist in Resources */ = {isa = PBXBuildFile; fileRef = 4971E25D2969A69E00D7A311 /* GoogleService-Info.plist */; };
		4971E2632969B45600D7A311 /* Analytics.swift in Sources */ = {isa = PBXBuildFile; fileRef = 4971E2622969B45600D7A311 /* Analytics.swift */; };
		49A9EF96296751E900D8FAE3 /* CityRealmObjects.swift in Sources */ = {isa = PBXBuildFile; fileRef = 49A9EF95296751E900D8FAE3 /* CityRealmObjects.swift */; };
		49A9EF982967570200D8FAE3 /* WeatherRealmObjects.swift in Sources */ = {isa = PBXBuildFile; fileRef = 49A9EF972967570200D8FAE3 /* WeatherRealmObjects.swift */; };
		49A9EF9A2967574500D8FAE3 /* LocalCitiesStorage.swift in Sources */ = {isa = PBXBuildFile; fileRef = 49A9EF992967574500D8FAE3 /* LocalCitiesStorage.swift */; };
		49A9EF9C2967717F00D8FAE3 /* LocalWeatherStorage.swift in Sources */ = {isa = PBXBuildFile; fileRef = 49A9EF9B2967717F00D8FAE3 /* LocalWeatherStorage.swift */; };
		49B3328B296340A600A791D0 /* WeatherDetailsViewController.swift in Sources */ = {isa = PBXBuildFile; fileRef = 49B3328A296340A600A791D0 /* WeatherDetailsViewController.swift */; };
		49B3328D2963429D00A791D0 /* WeatherDetailsViewModel.swift in Sources */ = {isa = PBXBuildFile; fileRef = 49B3328C2963429D00A791D0 /* WeatherDetailsViewModel.swift */; };
		49B3328F2963458600A791D0 /* ShortWeatherData.swift in Sources */ = {isa = PBXBuildFile; fileRef = 49B3328E2963458600A791D0 /* ShortWeatherData.swift */; };
		49B3329129635D8B00A791D0 /* WeatherDetailsRouter.swift in Sources */ = {isa = PBXBuildFile; fileRef = 49B3329029635D8B00A791D0 /* WeatherDetailsRouter.swift */; };
		49D468EC296608FB00719CDC /* TodayWeatherCollectionViewManager.swift in Sources */ = {isa = PBXBuildFile; fileRef = 49D468EB296608FB00719CDC /* TodayWeatherCollectionViewManager.swift */; };
		49D468EE29660BA800719CDC /* TodayWeatherCollectionViewCell.swift in Sources */ = {isa = PBXBuildFile; fileRef = 49D468ED29660BA800719CDC /* TodayWeatherCollectionViewCell.swift */; };
		49D69B8F2957680C006D68D1 /* UIImage + Constants.swift in Sources */ = {isa = PBXBuildFile; fileRef = 49D69B8E2957680C006D68D1 /* UIImage + Constants.swift */; };
		49D69B91295768CB006D68D1 /* WeatherPinView.swift in Sources */ = {isa = PBXBuildFile; fileRef = 49D69B90295768CB006D68D1 /* WeatherPinView.swift */; };
		49D69B9529576A71006D68D1 /* MKMapView + Register.swift in Sources */ = {isa = PBXBuildFile; fileRef = 49D69B9429576A71006D68D1 /* MKMapView + Register.swift */; };
		49D69B9729576CAA006D68D1 /* CLLocationCoordinate2D.swift in Sources */ = {isa = PBXBuildFile; fileRef = 49D69B9629576CAA006D68D1 /* CLLocationCoordinate2D.swift */; };
		49D69B9C29577B43006D68D1 /* MapViewModel.swift in Sources */ = {isa = PBXBuildFile; fileRef = 49D69B9B29577B43006D68D1 /* MapViewModel.swift */; };
		49D69BA429577F3F006D68D1 /* LocationManager.swift in Sources */ = {isa = PBXBuildFile; fileRef = 49D69BA329577F3F006D68D1 /* LocationManager.swift */; };
		49D69BA7295796ED006D68D1 /* CitiesService.swift in Sources */ = {isa = PBXBuildFile; fileRef = 49D69BA6295796ED006D68D1 /* CitiesService.swift */; };
		49D69BA9295796FA006D68D1 /* RemoteCitiesStorage.swift in Sources */ = {isa = PBXBuildFile; fileRef = 49D69BA8295796FA006D68D1 /* RemoteCitiesStorage.swift */; };
		49D69BAE295797EE006D68D1 /* WeatherService.swift in Sources */ = {isa = PBXBuildFile; fileRef = 49D69BAD295797EE006D68D1 /* WeatherService.swift */; };
		49D69BB02957980C006D68D1 /* RemoteWeatherStorage.swift in Sources */ = {isa = PBXBuildFile; fileRef = 49D69BAF2957980C006D68D1 /* RemoteWeatherStorage.swift */; };
		49D69BB629579FE3006D68D1 /* City.swift in Sources */ = {isa = PBXBuildFile; fileRef = 49D69BB529579FE3006D68D1 /* City.swift */; };
		49D69BBA2959B4BF006D68D1 /* WeatherItem.swift in Sources */ = {isa = PBXBuildFile; fileRef = 49D69BB92959B4BF006D68D1 /* WeatherItem.swift */; };
		49D69BBE2959B518006D68D1 /* MapRouter.swift in Sources */ = {isa = PBXBuildFile; fileRef = 49D69BBD2959B518006D68D1 /* MapRouter.swift */; };
		49D69BC02959BBD4006D68D1 /* CityWeatherModel.swift in Sources */ = {isa = PBXBuildFile; fileRef = 49D69BBF2959BBD4006D68D1 /* CityWeatherModel.swift */; };
		49D69BC22959C5A7006D68D1 /* Keys.swift in Sources */ = {isa = PBXBuildFile; fileRef = 49D69BC12959C5A7006D68D1 /* Keys.swift */; };
		49D69BC52959F13A006D68D1 /* Router.swift in Sources */ = {isa = PBXBuildFile; fileRef = 49D69BC42959F13A006D68D1 /* Router.swift */; };
		70776F8A824F33461309155F /* Pods_Weather_map_Weather_mapUITests.framework in Frameworks */ = {isa = PBXBuildFile; fileRef = 8858AB42D54B904F40EFF63A /* Pods_Weather_map_Weather_mapUITests.framework */; };
		D6D304D83B43D73053A4EF3D /* Pods_Weather_map.framework in Frameworks */ = {isa = PBXBuildFile; fileRef = C65F896083CD04771AB83BCC /* Pods_Weather_map.framework */; };
/* End PBXBuildFile section */

/* Begin PBXContainerItemProxy section */
		4928D937294F8F61005ABA2B /* PBXContainerItemProxy */ = {
			isa = PBXContainerItemProxy;
			containerPortal = 4928D918294F8F5E005ABA2B /* Project object */;
			proxyType = 1;
			remoteGlobalIDString = 4928D91F294F8F5E005ABA2B;
			remoteInfo = "Weather map";
		};
		4928D941294F8F61005ABA2B /* PBXContainerItemProxy */ = {
			isa = PBXContainerItemProxy;
			containerPortal = 4928D918294F8F5E005ABA2B /* Project object */;
			proxyType = 1;
			remoteGlobalIDString = 4928D91F294F8F5E005ABA2B;
			remoteInfo = "Weather map";
		};
/* End PBXContainerItemProxy section */

/* Begin PBXFileReference section */
		4928D920294F8F5E005ABA2B /* Weather map.app */ = {isa = PBXFileReference; explicitFileType = wrapper.application; includeInIndex = 0; path = "Weather map.app"; sourceTree = BUILT_PRODUCTS_DIR; };
		4928D923294F8F5E005ABA2B /* AppDelegate.swift */ = {isa = PBXFileReference; lastKnownFileType = sourcecode.swift; path = AppDelegate.swift; sourceTree = "<group>"; };
		4928D925294F8F5E005ABA2B /* SceneDelegate.swift */ = {isa = PBXFileReference; lastKnownFileType = sourcecode.swift; path = SceneDelegate.swift; sourceTree = "<group>"; };
		4928D927294F8F5E005ABA2B /* MapViewController.swift */ = {isa = PBXFileReference; lastKnownFileType = sourcecode.swift; path = MapViewController.swift; sourceTree = "<group>"; };
		4928D92A294F8F5E005ABA2B /* Base */ = {isa = PBXFileReference; lastKnownFileType = file.storyboard; name = Base; path = Base.lproj/Main.storyboard; sourceTree = "<group>"; };
		4928D92C294F8F60005ABA2B /* Assets.xcassets */ = {isa = PBXFileReference; lastKnownFileType = folder.assetcatalog; path = Assets.xcassets; sourceTree = "<group>"; };
		4928D92F294F8F60005ABA2B /* Base */ = {isa = PBXFileReference; lastKnownFileType = file.storyboard; name = Base; path = Base.lproj/LaunchScreen.storyboard; sourceTree = "<group>"; };
		4928D931294F8F60005ABA2B /* Info.plist */ = {isa = PBXFileReference; lastKnownFileType = text.plist.xml; path = Info.plist; sourceTree = "<group>"; };
		4928D936294F8F61005ABA2B /* Weather mapTests.xctest */ = {isa = PBXFileReference; explicitFileType = wrapper.cfbundle; includeInIndex = 0; path = "Weather mapTests.xctest"; sourceTree = BUILT_PRODUCTS_DIR; };
		4928D93A294F8F61005ABA2B /* Weather_mapTests.swift */ = {isa = PBXFileReference; lastKnownFileType = sourcecode.swift; path = Weather_mapTests.swift; sourceTree = "<group>"; };
		4928D940294F8F61005ABA2B /* Weather mapUITests.xctest */ = {isa = PBXFileReference; explicitFileType = wrapper.cfbundle; includeInIndex = 0; path = "Weather mapUITests.xctest"; sourceTree = BUILT_PRODUCTS_DIR; };
		4928D944294F8F61005ABA2B /* Weather_mapUITests.swift */ = {isa = PBXFileReference; lastKnownFileType = sourcecode.swift; path = Weather_mapUITests.swift; sourceTree = "<group>"; };
		4928D946294F8F61005ABA2B /* Weather_mapUITestsLaunchTests.swift */ = {isa = PBXFileReference; lastKnownFileType = sourcecode.swift; path = Weather_mapUITestsLaunchTests.swift; sourceTree = "<group>"; };
		4928D956294F92B5005ABA2B /* UserLocationView.swift */ = {isa = PBXFileReference; lastKnownFileType = sourcecode.swift; path = UserLocationView.swift; sourceTree = "<group>"; };
		4928D959294F92E0005ABA2B /* UIView + Constraints.swift */ = {isa = PBXFileReference; lastKnownFileType = sourcecode.swift; path = "UIView + Constraints.swift"; sourceTree = "<group>"; };
		4928D95B294F92F7005ABA2B /* With.swift */ = {isa = PBXFileReference; lastKnownFileType = sourcecode.swift; path = With.swift; sourceTree = "<group>"; };
		494A93DD2964AF1400E7D650 /* Inter-Medium.ttf */ = {isa = PBXFileReference; lastKnownFileType = file; path = "Inter-Medium.ttf"; sourceTree = "<group>"; };
		494A93DE2964AF1400E7D650 /* Inter-Light.ttf */ = {isa = PBXFileReference; lastKnownFileType = file; path = "Inter-Light.ttf"; sourceTree = "<group>"; };
		494A93DF2964AF1400E7D650 /* Inter-Thin.ttf */ = {isa = PBXFileReference; lastKnownFileType = file; path = "Inter-Thin.ttf"; sourceTree = "<group>"; };
		494A93E02964AF1400E7D650 /* Inter-Bold.ttf */ = {isa = PBXFileReference; lastKnownFileType = file; path = "Inter-Bold.ttf"; sourceTree = "<group>"; };
		494A93E12964AF1400E7D650 /* Inter-Regular.ttf */ = {isa = PBXFileReference; lastKnownFileType = file; path = "Inter-Regular.ttf"; sourceTree = "<group>"; };
		494A93E22964AF1400E7D650 /* Inter-ExtraBold.ttf */ = {isa = PBXFileReference; lastKnownFileType = file; path = "Inter-ExtraBold.ttf"; sourceTree = "<group>"; };
		494A93E32964AF1400E7D650 /* Inter-ExtraLight.ttf */ = {isa = PBXFileReference; lastKnownFileType = file; path = "Inter-ExtraLight.ttf"; sourceTree = "<group>"; };
		494A93E52964AF1400E7D650 /* Inter-SemiBold.ttf */ = {isa = PBXFileReference; lastKnownFileType = file; path = "Inter-SemiBold.ttf"; sourceTree = "<group>"; };
		494A93F42964B02D00E7D650 /* Fonts.swift */ = {isa = PBXFileReference; lastKnownFileType = sourcecode.swift; path = Fonts.swift; sourceTree = "<group>"; };
		494A93F62964B7C100E7D650 /* WeatherForecastTableManager.swift */ = {isa = PBXFileReference; lastKnownFileType = sourcecode.swift; path = WeatherForecastTableManager.swift; sourceTree = "<group>"; };
		494A93F82964BADF00E7D650 /* WeatherForecastTableViewCell.swift */ = {isa = PBXFileReference; lastKnownFileType = sourcecode.swift; path = WeatherForecastTableViewCell.swift; sourceTree = "<group>"; };
		494A93FC2964C76F00E7D650 /* Int.swift */ = {isa = PBXFileReference; lastKnownFileType = sourcecode.swift; path = Int.swift; sourceTree = "<group>"; };
		4971E25D2969A69E00D7A311 /* GoogleService-Info.plist */ = {isa = PBXFileReference; fileEncoding = 4; lastKnownFileType = text.plist.xml; path = "GoogleService-Info.plist"; sourceTree = "<group>"; };
		4971E2622969B45600D7A311 /* Analytics.swift */ = {isa = PBXFileReference; lastKnownFileType = sourcecode.swift; path = Analytics.swift; sourceTree = "<group>"; };
		49A9EF95296751E900D8FAE3 /* CityRealmObjects.swift */ = {isa = PBXFileReference; lastKnownFileType = sourcecode.swift; path = CityRealmObjects.swift; sourceTree = "<group>"; };
		49A9EF972967570200D8FAE3 /* WeatherRealmObjects.swift */ = {isa = PBXFileReference; lastKnownFileType = sourcecode.swift; path = WeatherRealmObjects.swift; sourceTree = "<group>"; };
		49A9EF992967574500D8FAE3 /* LocalCitiesStorage.swift */ = {isa = PBXFileReference; lastKnownFileType = sourcecode.swift; path = LocalCitiesStorage.swift; sourceTree = "<group>"; };
		49A9EF9B2967717F00D8FAE3 /* LocalWeatherStorage.swift */ = {isa = PBXFileReference; lastKnownFileType = sourcecode.swift; path = LocalWeatherStorage.swift; sourceTree = "<group>"; };
		49B3328A296340A600A791D0 /* WeatherDetailsViewController.swift */ = {isa = PBXFileReference; lastKnownFileType = sourcecode.swift; path = WeatherDetailsViewController.swift; sourceTree = "<group>"; };
		49B3328C2963429D00A791D0 /* WeatherDetailsViewModel.swift */ = {isa = PBXFileReference; lastKnownFileType = sourcecode.swift; path = WeatherDetailsViewModel.swift; sourceTree = "<group>"; };
		49B3328E2963458600A791D0 /* ShortWeatherData.swift */ = {isa = PBXFileReference; lastKnownFileType = sourcecode.swift; path = ShortWeatherData.swift; sourceTree = "<group>"; };
		49B3329029635D8B00A791D0 /* WeatherDetailsRouter.swift */ = {isa = PBXFileReference; lastKnownFileType = sourcecode.swift; path = WeatherDetailsRouter.swift; sourceTree = "<group>"; };
		49D468EB296608FB00719CDC /* TodayWeatherCollectionViewManager.swift */ = {isa = PBXFileReference; lastKnownFileType = sourcecode.swift; path = TodayWeatherCollectionViewManager.swift; sourceTree = "<group>"; };
		49D468ED29660BA800719CDC /* TodayWeatherCollectionViewCell.swift */ = {isa = PBXFileReference; lastKnownFileType = sourcecode.swift; path = TodayWeatherCollectionViewCell.swift; sourceTree = "<group>"; };
		49D69B8E2957680C006D68D1 /* UIImage + Constants.swift */ = {isa = PBXFileReference; lastKnownFileType = sourcecode.swift; path = "UIImage + Constants.swift"; sourceTree = "<group>"; };
		49D69B90295768CB006D68D1 /* WeatherPinView.swift */ = {isa = PBXFileReference; lastKnownFileType = sourcecode.swift; path = WeatherPinView.swift; sourceTree = "<group>"; };
		49D69B9429576A71006D68D1 /* MKMapView + Register.swift */ = {isa = PBXFileReference; lastKnownFileType = sourcecode.swift; path = "MKMapView + Register.swift"; sourceTree = "<group>"; };
		49D69B9629576CAA006D68D1 /* CLLocationCoordinate2D.swift */ = {isa = PBXFileReference; lastKnownFileType = sourcecode.swift; path = CLLocationCoordinate2D.swift; sourceTree = "<group>"; };
		49D69B9B29577B43006D68D1 /* MapViewModel.swift */ = {isa = PBXFileReference; lastKnownFileType = sourcecode.swift; path = MapViewModel.swift; sourceTree = "<group>"; };
		49D69BA329577F3F006D68D1 /* LocationManager.swift */ = {isa = PBXFileReference; lastKnownFileType = sourcecode.swift; path = LocationManager.swift; sourceTree = "<group>"; };
		49D69BA6295796ED006D68D1 /* CitiesService.swift */ = {isa = PBXFileReference; lastKnownFileType = sourcecode.swift; path = CitiesService.swift; sourceTree = "<group>"; };
		49D69BA8295796FA006D68D1 /* RemoteCitiesStorage.swift */ = {isa = PBXFileReference; lastKnownFileType = sourcecode.swift; path = RemoteCitiesStorage.swift; sourceTree = "<group>"; };
		49D69BAD295797EE006D68D1 /* WeatherService.swift */ = {isa = PBXFileReference; lastKnownFileType = sourcecode.swift; path = WeatherService.swift; sourceTree = "<group>"; };
		49D69BAF2957980C006D68D1 /* RemoteWeatherStorage.swift */ = {isa = PBXFileReference; lastKnownFileType = sourcecode.swift; path = RemoteWeatherStorage.swift; sourceTree = "<group>"; };
		49D69BB529579FE3006D68D1 /* City.swift */ = {isa = PBXFileReference; lastKnownFileType = sourcecode.swift; path = City.swift; sourceTree = "<group>"; };
		49D69BB92959B4BF006D68D1 /* WeatherItem.swift */ = {isa = PBXFileReference; lastKnownFileType = sourcecode.swift; path = WeatherItem.swift; sourceTree = "<group>"; };
		49D69BBD2959B518006D68D1 /* MapRouter.swift */ = {isa = PBXFileReference; lastKnownFileType = sourcecode.swift; path = MapRouter.swift; sourceTree = "<group>"; };
		49D69BBF2959BBD4006D68D1 /* CityWeatherModel.swift */ = {isa = PBXFileReference; lastKnownFileType = sourcecode.swift; path = CityWeatherModel.swift; sourceTree = "<group>"; };
		49D69BC12959C5A7006D68D1 /* Keys.swift */ = {isa = PBXFileReference; lastKnownFileType = sourcecode.swift; path = Keys.swift; sourceTree = "<group>"; };
		49D69BC42959F13A006D68D1 /* Router.swift */ = {isa = PBXFileReference; lastKnownFileType = sourcecode.swift; path = Router.swift; sourceTree = "<group>"; };
		6B5895A244A6D40F9A56CCF7 /* Pods-Weather map-Weather mapUITests.release.xcconfig */ = {isa = PBXFileReference; includeInIndex = 1; lastKnownFileType = text.xcconfig; name = "Pods-Weather map-Weather mapUITests.release.xcconfig"; path = "Target Support Files/Pods-Weather map-Weather mapUITests/Pods-Weather map-Weather mapUITests.release.xcconfig"; sourceTree = "<group>"; };
		8520A4891BCA10A5244FEC5E /* Pods-Weather map.debug.xcconfig */ = {isa = PBXFileReference; includeInIndex = 1; lastKnownFileType = text.xcconfig; name = "Pods-Weather map.debug.xcconfig"; path = "Target Support Files/Pods-Weather map/Pods-Weather map.debug.xcconfig"; sourceTree = "<group>"; };
		8858AB42D54B904F40EFF63A /* Pods_Weather_map_Weather_mapUITests.framework */ = {isa = PBXFileReference; explicitFileType = wrapper.framework; includeInIndex = 0; path = Pods_Weather_map_Weather_mapUITests.framework; sourceTree = BUILT_PRODUCTS_DIR; };
		A5D364561C35C54F2B2129E2 /* Pods_Weather_mapTests.framework */ = {isa = PBXFileReference; explicitFileType = wrapper.framework; includeInIndex = 0; path = Pods_Weather_mapTests.framework; sourceTree = BUILT_PRODUCTS_DIR; };
		C65F896083CD04771AB83BCC /* Pods_Weather_map.framework */ = {isa = PBXFileReference; explicitFileType = wrapper.framework; includeInIndex = 0; path = Pods_Weather_map.framework; sourceTree = BUILT_PRODUCTS_DIR; };
		E507C216FD10D2216EA1A1D4 /* Pods-Weather mapTests.release.xcconfig */ = {isa = PBXFileReference; includeInIndex = 1; lastKnownFileType = text.xcconfig; name = "Pods-Weather mapTests.release.xcconfig"; path = "Target Support Files/Pods-Weather mapTests/Pods-Weather mapTests.release.xcconfig"; sourceTree = "<group>"; };
		E6201BD45D6C473A187991A3 /* Pods-Weather map.release.xcconfig */ = {isa = PBXFileReference; includeInIndex = 1; lastKnownFileType = text.xcconfig; name = "Pods-Weather map.release.xcconfig"; path = "Target Support Files/Pods-Weather map/Pods-Weather map.release.xcconfig"; sourceTree = "<group>"; };
		EA405503CCF7F17175299FFC /* Pods-Weather map-Weather mapUITests.debug.xcconfig */ = {isa = PBXFileReference; includeInIndex = 1; lastKnownFileType = text.xcconfig; name = "Pods-Weather map-Weather mapUITests.debug.xcconfig"; path = "Target Support Files/Pods-Weather map-Weather mapUITests/Pods-Weather map-Weather mapUITests.debug.xcconfig"; sourceTree = "<group>"; };
		FCE98555D094AE8E4DB376E8 /* Pods-Weather mapTests.debug.xcconfig */ = {isa = PBXFileReference; includeInIndex = 1; lastKnownFileType = text.xcconfig; name = "Pods-Weather mapTests.debug.xcconfig"; path = "Target Support Files/Pods-Weather mapTests/Pods-Weather mapTests.debug.xcconfig"; sourceTree = "<group>"; };
/* End PBXFileReference section */

/* Begin PBXFrameworksBuildPhase section */
		4928D91D294F8F5E005ABA2B /* Frameworks */ = {
			isa = PBXFrameworksBuildPhase;
			buildActionMask = 2147483647;
			files = (
				4971E2542969A59D00D7A311 /* FirebaseAnalyticsSwift in Frameworks */,
				4971E2562969A59D00D7A311 /* FirebaseCrashlytics in Frameworks */,
				4971E2582969A59D00D7A311 /* FirebasePerformance in Frameworks */,
				4971E25C2969A59D00D7A311 /* FirebaseRemoteConfigSwift in Frameworks */,
				4971E25A2969A59D00D7A311 /* FirebaseRemoteConfig in Frameworks */,
				4971E2522969A59D00D7A311 /* FirebaseAnalytics in Frameworks */,
				D6D304D83B43D73053A4EF3D /* Pods_Weather_map.framework in Frameworks */,
			);
			runOnlyForDeploymentPostprocessing = 0;
		};
		4928D933294F8F61005ABA2B /* Frameworks */ = {
			isa = PBXFrameworksBuildPhase;
			buildActionMask = 2147483647;
			files = (
				2FFA6688B5B30E57CA8F4000 /* Pods_Weather_mapTests.framework in Frameworks */,
			);
			runOnlyForDeploymentPostprocessing = 0;
		};
		4928D93D294F8F61005ABA2B /* Frameworks */ = {
			isa = PBXFrameworksBuildPhase;
			buildActionMask = 2147483647;
			files = (
				70776F8A824F33461309155F /* Pods_Weather_map_Weather_mapUITests.framework in Frameworks */,
			);
			runOnlyForDeploymentPostprocessing = 0;
		};
/* End PBXFrameworksBuildPhase section */

/* Begin PBXGroup section */
		4928D917294F8F5E005ABA2B = {
			isa = PBXGroup;
			children = (
				4928D922294F8F5E005ABA2B /* Weather map */,
				4928D939294F8F61005ABA2B /* Weather mapTests */,
				4928D943294F8F61005ABA2B /* Weather mapUITests */,
				4928D921294F8F5E005ABA2B /* Products */,
				A02186169E4027655B135171 /* Pods */,
				FE99808F4791EB8F173171B2 /* Frameworks */,
			);
			sourceTree = "<group>";
		};
		4928D921294F8F5E005ABA2B /* Products */ = {
			isa = PBXGroup;
			children = (
				4928D920294F8F5E005ABA2B /* Weather map.app */,
				4928D936294F8F61005ABA2B /* Weather mapTests.xctest */,
				4928D940294F8F61005ABA2B /* Weather mapUITests.xctest */,
			);
			name = Products;
			sourceTree = "<group>";
		};
		4928D922294F8F5E005ABA2B /* Weather map */ = {
			isa = PBXGroup;
			children = (
				4928D953294F91F4005ABA2B /* App */,
				4928D955294F9205005ABA2B /* Map */,
				49D69BC8295A00B5006D68D1 /* WeatherDetails */,
				4928D954294F91FC005ABA2B /* Storyboards */,
				4928D958294F92C7005ABA2B /* Utils */,
				494A93DA2964AF1400E7D650 /* Inter */,
				49D69BC12959C5A7006D68D1 /* Keys.swift */,
				4971E25D2969A69E00D7A311 /* GoogleService-Info.plist */,
				4928D92C294F8F60005ABA2B /* Assets.xcassets */,
				4928D931294F8F60005ABA2B /* Info.plist */,
			);
			path = "Weather map";
			sourceTree = "<group>";
		};
		4928D939294F8F61005ABA2B /* Weather mapTests */ = {
			isa = PBXGroup;
			children = (
				4928D93A294F8F61005ABA2B /* Weather_mapTests.swift */,
			);
			path = "Weather mapTests";
			sourceTree = "<group>";
		};
		4928D943294F8F61005ABA2B /* Weather mapUITests */ = {
			isa = PBXGroup;
			children = (
				4928D944294F8F61005ABA2B /* Weather_mapUITests.swift */,
				4928D946294F8F61005ABA2B /* Weather_mapUITestsLaunchTests.swift */,
			);
			path = "Weather mapUITests";
			sourceTree = "<group>";
		};
		4928D953294F91F4005ABA2B /* App */ = {
			isa = PBXGroup;
			children = (
				4928D923294F8F5E005ABA2B /* AppDelegate.swift */,
				4928D925294F8F5E005ABA2B /* SceneDelegate.swift */,
				49D69BC42959F13A006D68D1 /* Router.swift */,
				4971E2622969B45600D7A311 /* Analytics.swift */,
			);
			path = App;
			sourceTree = "<group>";
		};
		4928D954294F91FC005ABA2B /* Storyboards */ = {
			isa = PBXGroup;
			children = (
				4928D929294F8F5E005ABA2B /* Main.storyboard */,
				4928D92E294F8F60005ABA2B /* LaunchScreen.storyboard */,
			);
			path = Storyboards;
			sourceTree = "<group>";
		};
		4928D955294F9205005ABA2B /* Map */ = {
			isa = PBXGroup;
			children = (
				49D69BC32959F107006D68D1 /* Model */,
				49D69B9829577B0B006D68D1 /* View */,
				49D69B9A29577B2C006D68D1 /* ViewModel */,
				49D69BBB2959B4E1006D68D1 /* Router */,
			);
			path = Map;
			sourceTree = "<group>";
		};
		4928D958294F92C7005ABA2B /* Utils */ = {
			isa = PBXGroup;
			children = (
				4928D95B294F92F7005ABA2B /* With.swift */,
				4928D959294F92E0005ABA2B /* UIView + Constraints.swift */,
				49D69B8E2957680C006D68D1 /* UIImage + Constants.swift */,
				49D69B9429576A71006D68D1 /* MKMapView + Register.swift */,
				49D69B9629576CAA006D68D1 /* CLLocationCoordinate2D.swift */,
				494A93F42964B02D00E7D650 /* Fonts.swift */,
				494A93FC2964C76F00E7D650 /* Int.swift */,
			);
			path = Utils;
			sourceTree = "<group>";
		};
		494A93DA2964AF1400E7D650 /* Inter */ = {
			isa = PBXGroup;
			children = (
				494A93DD2964AF1400E7D650 /* Inter-Medium.ttf */,
				494A93DE2964AF1400E7D650 /* Inter-Light.ttf */,
				494A93DF2964AF1400E7D650 /* Inter-Thin.ttf */,
				494A93E02964AF1400E7D650 /* Inter-Bold.ttf */,
				494A93E12964AF1400E7D650 /* Inter-Regular.ttf */,
				494A93E22964AF1400E7D650 /* Inter-ExtraBold.ttf */,
				494A93E32964AF1400E7D650 /* Inter-ExtraLight.ttf */,
				494A93E52964AF1400E7D650 /* Inter-SemiBold.ttf */,
			);
			path = Inter;
			sourceTree = "<group>";
		};
		49A9EF9D296773DF00D8FAE3 /* Storage */ = {
			isa = PBXGroup;
			children = (
				49D69BA8295796FA006D68D1 /* RemoteCitiesStorage.swift */,
				49A9EF992967574500D8FAE3 /* LocalCitiesStorage.swift */,
			);
			path = Storage;
			sourceTree = "<group>";
		};
		49A9EF9E296773EA00D8FAE3 /* DTO */ = {
			isa = PBXGroup;
			children = (
				49D69BB529579FE3006D68D1 /* City.swift */,
				49A9EF95296751E900D8FAE3 /* CityRealmObjects.swift */,
			);
			path = DTO;
			sourceTree = "<group>";
		};
		49A9EF9F296773F400D8FAE3 /* DTO */ = {
			isa = PBXGroup;
			children = (
				49D69BB92959B4BF006D68D1 /* WeatherItem.swift */,
				49D69BBF2959BBD4006D68D1 /* CityWeatherModel.swift */,
				49A9EF972967570200D8FAE3 /* WeatherRealmObjects.swift */,
			);
			path = DTO;
			sourceTree = "<group>";
		};
		49A9EFA0296773FC00D8FAE3 /* Storage */ = {
			isa = PBXGroup;
			children = (
				49D69BAF2957980C006D68D1 /* RemoteWeatherStorage.swift */,
				49A9EF9B2967717F00D8FAE3 /* LocalWeatherStorage.swift */,
			);
			path = Storage;
			sourceTree = "<group>";
		};
		49D468E92966057200719CDC /* Forecast */ = {
			isa = PBXGroup;
			children = (
				494A93F62964B7C100E7D650 /* WeatherForecastTableManager.swift */,
				494A93F82964BADF00E7D650 /* WeatherForecastTableViewCell.swift */,
			);
			path = Forecast;
			sourceTree = "<group>";
		};
		49D468EA296608DF00719CDC /* TodayWeather */ = {
			isa = PBXGroup;
			children = (
				49D468EB296608FB00719CDC /* TodayWeatherCollectionViewManager.swift */,
				49D468ED29660BA800719CDC /* TodayWeatherCollectionViewCell.swift */,
			);
			path = TodayWeather;
			sourceTree = "<group>";
		};
		49D69B9829577B0B006D68D1 /* View */ = {
			isa = PBXGroup;
			children = (
				4928D927294F8F5E005ABA2B /* MapViewController.swift */,
				49D69B9929577B18006D68D1 /* Subviews */,
			);
			path = View;
			sourceTree = "<group>";
		};
		49D69B9929577B18006D68D1 /* Subviews */ = {
			isa = PBXGroup;
			children = (
				4928D956294F92B5005ABA2B /* UserLocationView.swift */,
				49D69B90295768CB006D68D1 /* WeatherPinView.swift */,
			);
			path = Subviews;
			sourceTree = "<group>";
		};
		49D69B9A29577B2C006D68D1 /* ViewModel */ = {
			isa = PBXGroup;
			children = (
				49D69B9B29577B43006D68D1 /* MapViewModel.swift */,
				49D69BA329577F3F006D68D1 /* LocationManager.swift */,
			);
			path = ViewModel;
			sourceTree = "<group>";
		};
		49D69BA5295796DB006D68D1 /* Cities */ = {
			isa = PBXGroup;
			children = (
				49A9EF9E296773EA00D8FAE3 /* DTO */,
				49A9EF9D296773DF00D8FAE3 /* Storage */,
				49D69BA6295796ED006D68D1 /* CitiesService.swift */,
			);
			path = Cities;
			sourceTree = "<group>";
		};
		49D69BAC295797DC006D68D1 /* Weather */ = {
			isa = PBXGroup;
			children = (
				49A9EF9F296773F400D8FAE3 /* DTO */,
				49A9EFA0296773FC00D8FAE3 /* Storage */,
				49D69BAD295797EE006D68D1 /* WeatherService.swift */,
			);
			path = Weather;
			sourceTree = "<group>";
		};
		49D69BBB2959B4E1006D68D1 /* Router */ = {
			isa = PBXGroup;
			children = (
				49D69BBD2959B518006D68D1 /* MapRouter.swift */,
			);
			path = Router;
			sourceTree = "<group>";
		};
		49D69BC32959F107006D68D1 /* Model */ = {
			isa = PBXGroup;
			children = (
				49D69BA5295796DB006D68D1 /* Cities */,
				49D69BAC295797DC006D68D1 /* Weather */,
			);
			name = Model;
			path = ../Model;
			sourceTree = "<group>";
		};
		49D69BC8295A00B5006D68D1 /* WeatherDetails */ = {
			isa = PBXGroup;
			children = (
				49D69BC9295A0115006D68D1 /* Model */,
				49D69BCA295A011B006D68D1 /* View */,
				49D69BCB295A0121006D68D1 /* ViewModel */,
				49D69BCC295A012F006D68D1 /* Router */,
			);
			path = WeatherDetails;
			sourceTree = "<group>";
		};
		49D69BC9295A0115006D68D1 /* Model */ = {
			isa = PBXGroup;
			children = (
				49B3328E2963458600A791D0 /* ShortWeatherData.swift */,
			);
			path = Model;
			sourceTree = "<group>";
		};
		49D69BCA295A011B006D68D1 /* View */ = {
			isa = PBXGroup;
			children = (
				49B3328A296340A600A791D0 /* WeatherDetailsViewController.swift */,
				49D468EA296608DF00719CDC /* TodayWeather */,
				49D468E92966057200719CDC /* Forecast */,
			);
			path = View;
			sourceTree = "<group>";
		};
		49D69BCB295A0121006D68D1 /* ViewModel */ = {
			isa = PBXGroup;
			children = (
				49B3328C2963429D00A791D0 /* WeatherDetailsViewModel.swift */,
			);
			path = ViewModel;
			sourceTree = "<group>";
		};
		49D69BCC295A012F006D68D1 /* Router */ = {
			isa = PBXGroup;
			children = (
				49B3329029635D8B00A791D0 /* WeatherDetailsRouter.swift */,
			);
			path = Router;
			sourceTree = "<group>";
		};
		A02186169E4027655B135171 /* Pods */ = {
			isa = PBXGroup;
			children = (
				8520A4891BCA10A5244FEC5E /* Pods-Weather map.debug.xcconfig */,
				E6201BD45D6C473A187991A3 /* Pods-Weather map.release.xcconfig */,
				EA405503CCF7F17175299FFC /* Pods-Weather map-Weather mapUITests.debug.xcconfig */,
				6B5895A244A6D40F9A56CCF7 /* Pods-Weather map-Weather mapUITests.release.xcconfig */,
				FCE98555D094AE8E4DB376E8 /* Pods-Weather mapTests.debug.xcconfig */,
				E507C216FD10D2216EA1A1D4 /* Pods-Weather mapTests.release.xcconfig */,
			);
			path = Pods;
			sourceTree = "<group>";
		};
		FE99808F4791EB8F173171B2 /* Frameworks */ = {
			isa = PBXGroup;
			children = (
				C65F896083CD04771AB83BCC /* Pods_Weather_map.framework */,
				8858AB42D54B904F40EFF63A /* Pods_Weather_map_Weather_mapUITests.framework */,
				A5D364561C35C54F2B2129E2 /* Pods_Weather_mapTests.framework */,
			);
			name = Frameworks;
			sourceTree = "<group>";
		};
/* End PBXGroup section */

/* Begin PBXNativeTarget section */
		4928D91F294F8F5E005ABA2B /* Weather map */ = {
			isa = PBXNativeTarget;
			buildConfigurationList = 4928D94A294F8F61005ABA2B /* Build configuration list for PBXNativeTarget "Weather map" */;
			buildPhases = (
				565D678A8E55EA2C426E0853 /* [CP] Check Pods Manifest.lock */,
				4928D91C294F8F5E005ABA2B /* Sources */,
				4928D91D294F8F5E005ABA2B /* Frameworks */,
				4928D91E294F8F5E005ABA2B /* Resources */,
				BC765323924FD9E73B8EB548 /* [CP] Embed Pods Frameworks */,
				4971E2602969AE9A00D7A311 /* ShellScript */,
			);
			buildRules = (
			);
			dependencies = (
			);
			name = "Weather map";
			packageProductDependencies = (
				4971E2512969A59D00D7A311 /* FirebaseAnalytics */,
				4971E2532969A59D00D7A311 /* FirebaseAnalyticsSwift */,
				4971E2552969A59D00D7A311 /* FirebaseCrashlytics */,
				4971E2572969A59D00D7A311 /* FirebasePerformance */,
				4971E2592969A59D00D7A311 /* FirebaseRemoteConfig */,
				4971E25B2969A59D00D7A311 /* FirebaseRemoteConfigSwift */,
			);
			productName = "Weather map";
			productReference = 4928D920294F8F5E005ABA2B /* Weather map.app */;
			productType = "com.apple.product-type.application";
		};
		4928D935294F8F61005ABA2B /* Weather mapTests */ = {
			isa = PBXNativeTarget;
			buildConfigurationList = 4928D94D294F8F61005ABA2B /* Build configuration list for PBXNativeTarget "Weather mapTests" */;
			buildPhases = (
				DE8D128EBD9F389C284C31E3 /* [CP] Check Pods Manifest.lock */,
				4928D932294F8F61005ABA2B /* Sources */,
				4928D933294F8F61005ABA2B /* Frameworks */,
				4928D934294F8F61005ABA2B /* Resources */,
				EA0A40EDF69BA055414735DA /* [CP] Embed Pods Frameworks */,
			);
			buildRules = (
			);
			dependencies = (
				4928D938294F8F61005ABA2B /* PBXTargetDependency */,
			);
			name = "Weather mapTests";
			productName = "Weather mapTests";
			productReference = 4928D936294F8F61005ABA2B /* Weather mapTests.xctest */;
			productType = "com.apple.product-type.bundle.unit-test";
		};
		4928D93F294F8F61005ABA2B /* Weather mapUITests */ = {
			isa = PBXNativeTarget;
			buildConfigurationList = 4928D950294F8F61005ABA2B /* Build configuration list for PBXNativeTarget "Weather mapUITests" */;
			buildPhases = (
				C3611E9B31DC4EF09EA6E1B1 /* [CP] Check Pods Manifest.lock */,
				4928D93C294F8F61005ABA2B /* Sources */,
				4928D93D294F8F61005ABA2B /* Frameworks */,
				4928D93E294F8F61005ABA2B /* Resources */,
				13D6B7CB6A9437E1768F9677 /* [CP] Embed Pods Frameworks */,
			);
			buildRules = (
			);
			dependencies = (
				4928D942294F8F61005ABA2B /* PBXTargetDependency */,
			);
			name = "Weather mapUITests";
			productName = "Weather mapUITests";
			productReference = 4928D940294F8F61005ABA2B /* Weather mapUITests.xctest */;
			productType = "com.apple.product-type.bundle.ui-testing";
		};
/* End PBXNativeTarget section */

/* Begin PBXProject section */
		4928D918294F8F5E005ABA2B /* Project object */ = {
			isa = PBXProject;
			attributes = {
				BuildIndependentTargetsInParallel = 1;
				LastSwiftUpdateCheck = 1400;
				LastUpgradeCheck = 1400;
				TargetAttributes = {
					4928D91F294F8F5E005ABA2B = {
						CreatedOnToolsVersion = 14.0.1;
					};
					4928D935294F8F61005ABA2B = {
						CreatedOnToolsVersion = 14.0.1;
						TestTargetID = 4928D91F294F8F5E005ABA2B;
					};
					4928D93F294F8F61005ABA2B = {
						CreatedOnToolsVersion = 14.0.1;
						TestTargetID = 4928D91F294F8F5E005ABA2B;
					};
				};
			};
			buildConfigurationList = 4928D91B294F8F5E005ABA2B /* Build configuration list for PBXProject "Weather map" */;
			compatibilityVersion = "Xcode 14.0";
			developmentRegion = en;
			hasScannedForEncodings = 0;
			knownRegions = (
				en,
				Base,
			);
			mainGroup = 4928D917294F8F5E005ABA2B;
			packageReferences = (
				4971E2502969A59D00D7A311 /* XCRemoteSwiftPackageReference "firebase-ios-sdk" */,
			);
			productRefGroup = 4928D921294F8F5E005ABA2B /* Products */;
			projectDirPath = "";
			projectRoot = "";
			targets = (
				4928D91F294F8F5E005ABA2B /* Weather map */,
				4928D935294F8F61005ABA2B /* Weather mapTests */,
				4928D93F294F8F61005ABA2B /* Weather mapUITests */,
			);
		};
/* End PBXProject section */

/* Begin PBXResourcesBuildPhase section */
		4928D91E294F8F5E005ABA2B /* Resources */ = {
			isa = PBXResourcesBuildPhase;
			buildActionMask = 2147483647;
			files = (
				494A93ED2964AF1400E7D650 /* Inter-Regular.ttf in Resources */,
				4928D930294F8F60005ABA2B /* LaunchScreen.storyboard in Resources */,
				494A93EC2964AF1400E7D650 /* Inter-Bold.ttf in Resources */,
				494A93F12964AF1400E7D650 /* Inter-SemiBold.ttf in Resources */,
				4928D92D294F8F60005ABA2B /* Assets.xcassets in Resources */,
				4971E25E2969A69E00D7A311 /* GoogleService-Info.plist in Resources */,
				494A93EE2964AF1400E7D650 /* Inter-ExtraBold.ttf in Resources */,
				494A93E92964AF1400E7D650 /* Inter-Medium.ttf in Resources */,
				494A93EA2964AF1400E7D650 /* Inter-Light.ttf in Resources */,
				494A93EF2964AF1400E7D650 /* Inter-ExtraLight.ttf in Resources */,
				4928D92B294F8F5E005ABA2B /* Main.storyboard in Resources */,
				494A93EB2964AF1400E7D650 /* Inter-Thin.ttf in Resources */,
			);
			runOnlyForDeploymentPostprocessing = 0;
		};
		4928D934294F8F61005ABA2B /* Resources */ = {
			isa = PBXResourcesBuildPhase;
			buildActionMask = 2147483647;
			files = (
			);
			runOnlyForDeploymentPostprocessing = 0;
		};
		4928D93E294F8F61005ABA2B /* Resources */ = {
			isa = PBXResourcesBuildPhase;
			buildActionMask = 2147483647;
			files = (
			);
			runOnlyForDeploymentPostprocessing = 0;
		};
/* End PBXResourcesBuildPhase section */

/* Begin PBXShellScriptBuildPhase section */
		13D6B7CB6A9437E1768F9677 /* [CP] Embed Pods Frameworks */ = {
			isa = PBXShellScriptBuildPhase;
			buildActionMask = 2147483647;
			files = (
			);
			inputFileListPaths = (
				"${PODS_ROOT}/Target Support Files/Pods-Weather map-Weather mapUITests/Pods-Weather map-Weather mapUITests-frameworks-${CONFIGURATION}-input-files.xcfilelist",
			);
			name = "[CP] Embed Pods Frameworks";
			outputFileListPaths = (
				"${PODS_ROOT}/Target Support Files/Pods-Weather map-Weather mapUITests/Pods-Weather map-Weather mapUITests-frameworks-${CONFIGURATION}-output-files.xcfilelist",
			);
			runOnlyForDeploymentPostprocessing = 0;
			shellPath = /bin/sh;
			shellScript = "\"${PODS_ROOT}/Target Support Files/Pods-Weather map-Weather mapUITests/Pods-Weather map-Weather mapUITests-frameworks.sh\"\n";
			showEnvVarsInLog = 0;
		};
		4971E2602969AE9A00D7A311 /* ShellScript */ = {
			isa = PBXShellScriptBuildPhase;
			buildActionMask = 2147483647;
			files = (
			);
			inputFileListPaths = (
			);
			inputPaths = (
				"${DWARF_DSYM_FOLDER_PATH}/${DWARF_DSYM_FILE_NAME}/Contents/Resources/DWARF/${TARGET_NAME}",
				"$(SRCROOT)/$(BUILT_PRODUCTS_DIR)/$(INFOPLIST_PATH)",
			);
			outputFileListPaths = (
			);
			outputPaths = (
			);
			runOnlyForDeploymentPostprocessing = 0;
			shellPath = /bin/sh;
			shellScript = "\"${BUILD_DIR%/Build/*}/SourcePackages/checkouts/firebase-ios-sdk/Crashlytics/run\"\n";
		};
		565D678A8E55EA2C426E0853 /* [CP] Check Pods Manifest.lock */ = {
			isa = PBXShellScriptBuildPhase;
			buildActionMask = 2147483647;
			files = (
			);
			inputFileListPaths = (
			);
			inputPaths = (
				"${PODS_PODFILE_DIR_PATH}/Podfile.lock",
				"${PODS_ROOT}/Manifest.lock",
			);
			name = "[CP] Check Pods Manifest.lock";
			outputFileListPaths = (
			);
			outputPaths = (
				"$(DERIVED_FILE_DIR)/Pods-Weather map-checkManifestLockResult.txt",
			);
			runOnlyForDeploymentPostprocessing = 0;
			shellPath = /bin/sh;
			shellScript = "diff \"${PODS_PODFILE_DIR_PATH}/Podfile.lock\" \"${PODS_ROOT}/Manifest.lock\" > /dev/null\nif [ $? != 0 ] ; then\n    # print error to STDERR\n    echo \"error: The sandbox is not in sync with the Podfile.lock. Run 'pod install' or update your CocoaPods installation.\" >&2\n    exit 1\nfi\n# This output is used by Xcode 'outputs' to avoid re-running this script phase.\necho \"SUCCESS\" > \"${SCRIPT_OUTPUT_FILE_0}\"\n";
			showEnvVarsInLog = 0;
		};
		BC765323924FD9E73B8EB548 /* [CP] Embed Pods Frameworks */ = {
			isa = PBXShellScriptBuildPhase;
			buildActionMask = 2147483647;
			files = (
			);
			inputFileListPaths = (
				"${PODS_ROOT}/Target Support Files/Pods-Weather map/Pods-Weather map-frameworks-${CONFIGURATION}-input-files.xcfilelist",
			);
			name = "[CP] Embed Pods Frameworks";
			outputFileListPaths = (
				"${PODS_ROOT}/Target Support Files/Pods-Weather map/Pods-Weather map-frameworks-${CONFIGURATION}-output-files.xcfilelist",
			);
			runOnlyForDeploymentPostprocessing = 0;
			shellPath = /bin/sh;
			shellScript = "\"${PODS_ROOT}/Target Support Files/Pods-Weather map/Pods-Weather map-frameworks.sh\"\n";
			showEnvVarsInLog = 0;
		};
		C3611E9B31DC4EF09EA6E1B1 /* [CP] Check Pods Manifest.lock */ = {
			isa = PBXShellScriptBuildPhase;
			buildActionMask = 2147483647;
			files = (
			);
			inputFileListPaths = (
			);
			inputPaths = (
				"${PODS_PODFILE_DIR_PATH}/Podfile.lock",
				"${PODS_ROOT}/Manifest.lock",
			);
			name = "[CP] Check Pods Manifest.lock";
			outputFileListPaths = (
			);
			outputPaths = (
				"$(DERIVED_FILE_DIR)/Pods-Weather map-Weather mapUITests-checkManifestLockResult.txt",
			);
			runOnlyForDeploymentPostprocessing = 0;
			shellPath = /bin/sh;
			shellScript = "diff \"${PODS_PODFILE_DIR_PATH}/Podfile.lock\" \"${PODS_ROOT}/Manifest.lock\" > /dev/null\nif [ $? != 0 ] ; then\n    # print error to STDERR\n    echo \"error: The sandbox is not in sync with the Podfile.lock. Run 'pod install' or update your CocoaPods installation.\" >&2\n    exit 1\nfi\n# This output is used by Xcode 'outputs' to avoid re-running this script phase.\necho \"SUCCESS\" > \"${SCRIPT_OUTPUT_FILE_0}\"\n";
			showEnvVarsInLog = 0;
		};
		DE8D128EBD9F389C284C31E3 /* [CP] Check Pods Manifest.lock */ = {
			isa = PBXShellScriptBuildPhase;
			buildActionMask = 2147483647;
			files = (
			);
			inputFileListPaths = (
			);
			inputPaths = (
				"${PODS_PODFILE_DIR_PATH}/Podfile.lock",
				"${PODS_ROOT}/Manifest.lock",
			);
			name = "[CP] Check Pods Manifest.lock";
			outputFileListPaths = (
			);
			outputPaths = (
				"$(DERIVED_FILE_DIR)/Pods-Weather mapTests-checkManifestLockResult.txt",
			);
			runOnlyForDeploymentPostprocessing = 0;
			shellPath = /bin/sh;
			shellScript = "diff \"${PODS_PODFILE_DIR_PATH}/Podfile.lock\" \"${PODS_ROOT}/Manifest.lock\" > /dev/null\nif [ $? != 0 ] ; then\n    # print error to STDERR\n    echo \"error: The sandbox is not in sync with the Podfile.lock. Run 'pod install' or update your CocoaPods installation.\" >&2\n    exit 1\nfi\n# This output is used by Xcode 'outputs' to avoid re-running this script phase.\necho \"SUCCESS\" > \"${SCRIPT_OUTPUT_FILE_0}\"\n";
			showEnvVarsInLog = 0;
		};
		EA0A40EDF69BA055414735DA /* [CP] Embed Pods Frameworks */ = {
			isa = PBXShellScriptBuildPhase;
			buildActionMask = 2147483647;
			files = (
			);
			inputFileListPaths = (
				"${PODS_ROOT}/Target Support Files/Pods-Weather mapTests/Pods-Weather mapTests-frameworks-${CONFIGURATION}-input-files.xcfilelist",
			);
			name = "[CP] Embed Pods Frameworks";
			outputFileListPaths = (
				"${PODS_ROOT}/Target Support Files/Pods-Weather mapTests/Pods-Weather mapTests-frameworks-${CONFIGURATION}-output-files.xcfilelist",
			);
			runOnlyForDeploymentPostprocessing = 0;
			shellPath = /bin/sh;
			shellScript = "\"${PODS_ROOT}/Target Support Files/Pods-Weather mapTests/Pods-Weather mapTests-frameworks.sh\"\n";
			showEnvVarsInLog = 0;
		};
/* End PBXShellScriptBuildPhase section */

/* Begin PBXSourcesBuildPhase section */
		4928D91C294F8F5E005ABA2B /* Sources */ = {
			isa = PBXSourcesBuildPhase;
			buildActionMask = 2147483647;
			files = (
				49B3328B296340A600A791D0 /* WeatherDetailsViewController.swift in Sources */,
				49A9EF96296751E900D8FAE3 /* CityRealmObjects.swift in Sources */,
				49D69B9729576CAA006D68D1 /* CLLocationCoordinate2D.swift in Sources */,
				494A93F72964B7C100E7D650 /* WeatherForecastTableManager.swift in Sources */,
				4928D957294F92B5005ABA2B /* UserLocationView.swift in Sources */,
				49D69BA429577F3F006D68D1 /* LocationManager.swift in Sources */,
				49D69BBA2959B4BF006D68D1 /* WeatherItem.swift in Sources */,
				4928D95C294F92F7005ABA2B /* With.swift in Sources */,
				49D69B9529576A71006D68D1 /* MKMapView + Register.swift in Sources */,
				494A93F92964BADF00E7D650 /* WeatherForecastTableViewCell.swift in Sources */,
				49B3328F2963458600A791D0 /* ShortWeatherData.swift in Sources */,
				494A93F52964B02D00E7D650 /* Fonts.swift in Sources */,
				49D69B8F2957680C006D68D1 /* UIImage + Constants.swift in Sources */,
				49B3329129635D8B00A791D0 /* WeatherDetailsRouter.swift in Sources */,
				4928D928294F8F5E005ABA2B /* MapViewController.swift in Sources */,
				494A93FD2964C76F00E7D650 /* Int.swift in Sources */,
				4928D924294F8F5E005ABA2B /* AppDelegate.swift in Sources */,
				49D69BC52959F13A006D68D1 /* Router.swift in Sources */,
				49D468EC296608FB00719CDC /* TodayWeatherCollectionViewManager.swift in Sources */,
				49D468EE29660BA800719CDC /* TodayWeatherCollectionViewCell.swift in Sources */,
				49D69BAE295797EE006D68D1 /* WeatherService.swift in Sources */,
				49B3328D2963429D00A791D0 /* WeatherDetailsViewModel.swift in Sources */,
				49A9EF9A2967574500D8FAE3 /* LocalCitiesStorage.swift in Sources */,
				49A9EF9C2967717F00D8FAE3 /* LocalWeatherStorage.swift in Sources */,
				4928D926294F8F5E005ABA2B /* SceneDelegate.swift in Sources */,
				49D69B91295768CB006D68D1 /* WeatherPinView.swift in Sources */,
				4928D95A294F92E0005ABA2B /* UIView + Constraints.swift in Sources */,
				49D69BBE2959B518006D68D1 /* MapRouter.swift in Sources */,
				4971E2632969B45600D7A311 /* Analytics.swift in Sources */,
				49D69B9C29577B43006D68D1 /* MapViewModel.swift in Sources */,
				49D69BB02957980C006D68D1 /* RemoteWeatherStorage.swift in Sources */,
				49D69BC02959BBD4006D68D1 /* CityWeatherModel.swift in Sources */,
				49D69BA7295796ED006D68D1 /* CitiesService.swift in Sources */,
				49D69BA9295796FA006D68D1 /* RemoteCitiesStorage.swift in Sources */,
				49A9EF982967570200D8FAE3 /* WeatherRealmObjects.swift in Sources */,
				49D69BB629579FE3006D68D1 /* City.swift in Sources */,
				49D69BC22959C5A7006D68D1 /* Keys.swift in Sources */,
			);
			runOnlyForDeploymentPostprocessing = 0;
		};
		4928D932294F8F61005ABA2B /* Sources */ = {
			isa = PBXSourcesBuildPhase;
			buildActionMask = 2147483647;
			files = (
				4928D93B294F8F61005ABA2B /* Weather_mapTests.swift in Sources */,
			);
			runOnlyForDeploymentPostprocessing = 0;
		};
		4928D93C294F8F61005ABA2B /* Sources */ = {
			isa = PBXSourcesBuildPhase;
			buildActionMask = 2147483647;
			files = (
				4928D947294F8F61005ABA2B /* Weather_mapUITestsLaunchTests.swift in Sources */,
				4928D945294F8F61005ABA2B /* Weather_mapUITests.swift in Sources */,
			);
			runOnlyForDeploymentPostprocessing = 0;
		};
/* End PBXSourcesBuildPhase section */

/* Begin PBXTargetDependency section */
		4928D938294F8F61005ABA2B /* PBXTargetDependency */ = {
			isa = PBXTargetDependency;
			target = 4928D91F294F8F5E005ABA2B /* Weather map */;
			targetProxy = 4928D937294F8F61005ABA2B /* PBXContainerItemProxy */;
		};
		4928D942294F8F61005ABA2B /* PBXTargetDependency */ = {
			isa = PBXTargetDependency;
			target = 4928D91F294F8F5E005ABA2B /* Weather map */;
			targetProxy = 4928D941294F8F61005ABA2B /* PBXContainerItemProxy */;
		};
/* End PBXTargetDependency section */

/* Begin PBXVariantGroup section */
		4928D929294F8F5E005ABA2B /* Main.storyboard */ = {
			isa = PBXVariantGroup;
			children = (
				4928D92A294F8F5E005ABA2B /* Base */,
			);
			name = Main.storyboard;
			sourceTree = "<group>";
		};
		4928D92E294F8F60005ABA2B /* LaunchScreen.storyboard */ = {
			isa = PBXVariantGroup;
			children = (
				4928D92F294F8F60005ABA2B /* Base */,
			);
			name = LaunchScreen.storyboard;
			sourceTree = "<group>";
		};
/* End PBXVariantGroup section */

/* Begin XCBuildConfiguration section */
		4928D948294F8F61005ABA2B /* Debug */ = {
			isa = XCBuildConfiguration;
			buildSettings = {
				ALWAYS_SEARCH_USER_PATHS = NO;
				CLANG_ANALYZER_NONNULL = YES;
				CLANG_ANALYZER_NUMBER_OBJECT_CONVERSION = YES_AGGRESSIVE;
				CLANG_CXX_LANGUAGE_STANDARD = "gnu++20";
				CLANG_ENABLE_MODULES = YES;
				CLANG_ENABLE_OBJC_ARC = YES;
				CLANG_ENABLE_OBJC_WEAK = YES;
				CLANG_WARN_BLOCK_CAPTURE_AUTORELEASING = YES;
				CLANG_WARN_BOOL_CONVERSION = YES;
				CLANG_WARN_COMMA = YES;
				CLANG_WARN_CONSTANT_CONVERSION = YES;
				CLANG_WARN_DEPRECATED_OBJC_IMPLEMENTATIONS = YES;
				CLANG_WARN_DIRECT_OBJC_ISA_USAGE = YES_ERROR;
				CLANG_WARN_DOCUMENTATION_COMMENTS = YES;
				CLANG_WARN_EMPTY_BODY = YES;
				CLANG_WARN_ENUM_CONVERSION = YES;
				CLANG_WARN_INFINITE_RECURSION = YES;
				CLANG_WARN_INT_CONVERSION = YES;
				CLANG_WARN_NON_LITERAL_NULL_CONVERSION = YES;
				CLANG_WARN_OBJC_IMPLICIT_RETAIN_SELF = YES;
				CLANG_WARN_OBJC_LITERAL_CONVERSION = YES;
				CLANG_WARN_OBJC_ROOT_CLASS = YES_ERROR;
				CLANG_WARN_QUOTED_INCLUDE_IN_FRAMEWORK_HEADER = YES;
				CLANG_WARN_RANGE_LOOP_ANALYSIS = YES;
				CLANG_WARN_STRICT_PROTOTYPES = YES;
				CLANG_WARN_SUSPICIOUS_MOVE = YES;
				CLANG_WARN_UNGUARDED_AVAILABILITY = YES_AGGRESSIVE;
				CLANG_WARN_UNREACHABLE_CODE = YES;
				CLANG_WARN__DUPLICATE_METHOD_MATCH = YES;
				COPY_PHASE_STRIP = NO;
				DEBUG_INFORMATION_FORMAT = "dwarf-with-dsym";
				ENABLE_STRICT_OBJC_MSGSEND = YES;
				ENABLE_TESTABILITY = YES;
				GCC_C_LANGUAGE_STANDARD = gnu11;
				GCC_DYNAMIC_NO_PIC = NO;
				GCC_NO_COMMON_BLOCKS = YES;
				GCC_OPTIMIZATION_LEVEL = 0;
				GCC_PREPROCESSOR_DEFINITIONS = (
					"DEBUG=1",
					"$(inherited)",
				);
				GCC_WARN_64_TO_32_BIT_CONVERSION = YES;
				GCC_WARN_ABOUT_RETURN_TYPE = YES_ERROR;
				GCC_WARN_UNDECLARED_SELECTOR = YES;
				GCC_WARN_UNINITIALIZED_AUTOS = YES_AGGRESSIVE;
				GCC_WARN_UNUSED_FUNCTION = YES;
				GCC_WARN_UNUSED_VARIABLE = YES;
				IPHONEOS_DEPLOYMENT_TARGET = 16.0;
				MTL_ENABLE_DEBUG_INFO = INCLUDE_SOURCE;
				MTL_FAST_MATH = YES;
				ONLY_ACTIVE_ARCH = YES;
				SDKROOT = iphoneos;
				SWIFT_ACTIVE_COMPILATION_CONDITIONS = DEBUG;
				SWIFT_OPTIMIZATION_LEVEL = "-Onone";
			};
			name = Debug;
		};
		4928D949294F8F61005ABA2B /* Release */ = {
			isa = XCBuildConfiguration;
			buildSettings = {
				ALWAYS_SEARCH_USER_PATHS = NO;
				CLANG_ANALYZER_NONNULL = YES;
				CLANG_ANALYZER_NUMBER_OBJECT_CONVERSION = YES_AGGRESSIVE;
				CLANG_CXX_LANGUAGE_STANDARD = "gnu++20";
				CLANG_ENABLE_MODULES = YES;
				CLANG_ENABLE_OBJC_ARC = YES;
				CLANG_ENABLE_OBJC_WEAK = YES;
				CLANG_WARN_BLOCK_CAPTURE_AUTORELEASING = YES;
				CLANG_WARN_BOOL_CONVERSION = YES;
				CLANG_WARN_COMMA = YES;
				CLANG_WARN_CONSTANT_CONVERSION = YES;
				CLANG_WARN_DEPRECATED_OBJC_IMPLEMENTATIONS = YES;
				CLANG_WARN_DIRECT_OBJC_ISA_USAGE = YES_ERROR;
				CLANG_WARN_DOCUMENTATION_COMMENTS = YES;
				CLANG_WARN_EMPTY_BODY = YES;
				CLANG_WARN_ENUM_CONVERSION = YES;
				CLANG_WARN_INFINITE_RECURSION = YES;
				CLANG_WARN_INT_CONVERSION = YES;
				CLANG_WARN_NON_LITERAL_NULL_CONVERSION = YES;
				CLANG_WARN_OBJC_IMPLICIT_RETAIN_SELF = YES;
				CLANG_WARN_OBJC_LITERAL_CONVERSION = YES;
				CLANG_WARN_OBJC_ROOT_CLASS = YES_ERROR;
				CLANG_WARN_QUOTED_INCLUDE_IN_FRAMEWORK_HEADER = YES;
				CLANG_WARN_RANGE_LOOP_ANALYSIS = YES;
				CLANG_WARN_STRICT_PROTOTYPES = YES;
				CLANG_WARN_SUSPICIOUS_MOVE = YES;
				CLANG_WARN_UNGUARDED_AVAILABILITY = YES_AGGRESSIVE;
				CLANG_WARN_UNREACHABLE_CODE = YES;
				CLANG_WARN__DUPLICATE_METHOD_MATCH = YES;
				COPY_PHASE_STRIP = NO;
				DEBUG_INFORMATION_FORMAT = "dwarf-with-dsym";
				ENABLE_NS_ASSERTIONS = NO;
				ENABLE_STRICT_OBJC_MSGSEND = YES;
				GCC_C_LANGUAGE_STANDARD = gnu11;
				GCC_NO_COMMON_BLOCKS = YES;
				GCC_WARN_64_TO_32_BIT_CONVERSION = YES;
				GCC_WARN_ABOUT_RETURN_TYPE = YES_ERROR;
				GCC_WARN_UNDECLARED_SELECTOR = YES;
				GCC_WARN_UNINITIALIZED_AUTOS = YES_AGGRESSIVE;
				GCC_WARN_UNUSED_FUNCTION = YES;
				GCC_WARN_UNUSED_VARIABLE = YES;
				IPHONEOS_DEPLOYMENT_TARGET = 16.0;
				MTL_ENABLE_DEBUG_INFO = NO;
				MTL_FAST_MATH = YES;
				SDKROOT = iphoneos;
				SWIFT_COMPILATION_MODE = wholemodule;
				SWIFT_OPTIMIZATION_LEVEL = "-O";
				VALIDATE_PRODUCT = YES;
			};
			name = Release;
		};
		4928D94B294F8F61005ABA2B /* Debug */ = {
			isa = XCBuildConfiguration;
			baseConfigurationReference = 8520A4891BCA10A5244FEC5E /* Pods-Weather map.debug.xcconfig */;
			buildSettings = {
				ASSETCATALOG_COMPILER_APPICON_NAME = AppIcon;
				ASSETCATALOG_COMPILER_GLOBAL_ACCENT_COLOR_NAME = AccentColor;
				CODE_SIGN_STYLE = Automatic;
				CURRENT_PROJECT_VERSION = 1;
				DEBUG_INFORMATION_FORMAT = "dwarf-with-dsym";
				DEVELOPMENT_TEAM = WG482W7ASB;
				GENERATE_INFOPLIST_FILE = YES;
				INFOPLIST_FILE = "Weather map/Info.plist";
				INFOPLIST_KEY_NSLocationWhenInUseUsageDescription = Hui;
				INFOPLIST_KEY_UIApplicationSupportsIndirectInputEvents = YES;
				INFOPLIST_KEY_UILaunchStoryboardName = LaunchScreen;
				INFOPLIST_KEY_UIMainStoryboardFile = Main;
				INFOPLIST_KEY_UISupportedInterfaceOrientations = UIInterfaceOrientationPortrait;
				INFOPLIST_KEY_UISupportedInterfaceOrientations_iPad = "UIInterfaceOrientationLandscapeLeft UIInterfaceOrientationLandscapeRight UIInterfaceOrientationPortrait UIInterfaceOrientationPortraitUpsideDown";
				IPHONEOS_DEPLOYMENT_TARGET = 13.0;
				LD_RUNPATH_SEARCH_PATHS = (
					"$(inherited)",
					"@executable_path/Frameworks",
				);
				MARKETING_VERSION = 1.0;
				PRODUCT_BUNDLE_IDENTIFIER = "com.oleski.Weather-map";
				PRODUCT_NAME = "$(TARGET_NAME)";
				SUPPORTED_PLATFORMS = "iphoneos iphonesimulator";
				SUPPORTS_MACCATALYST = NO;
				SUPPORTS_MAC_DESIGNED_FOR_IPHONE_IPAD = NO;
				SWIFT_EMIT_LOC_STRINGS = YES;
				SWIFT_VERSION = 5.0;
				TARGETED_DEVICE_FAMILY = 1;
			};
			name = Debug;
		};
		4928D94C294F8F61005ABA2B /* Release */ = {
			isa = XCBuildConfiguration;
			baseConfigurationReference = E6201BD45D6C473A187991A3 /* Pods-Weather map.release.xcconfig */;
			buildSettings = {
				ASSETCATALOG_COMPILER_APPICON_NAME = AppIcon;
				ASSETCATALOG_COMPILER_GLOBAL_ACCENT_COLOR_NAME = AccentColor;
				CODE_SIGN_STYLE = Automatic;
				CURRENT_PROJECT_VERSION = 1;
				DEVELOPMENT_TEAM = WG482W7ASB;
				GENERATE_INFOPLIST_FILE = YES;
				INFOPLIST_FILE = "Weather map/Info.plist";
				INFOPLIST_KEY_NSLocationWhenInUseUsageDescription = Hui;
				INFOPLIST_KEY_UIApplicationSupportsIndirectInputEvents = YES;
				INFOPLIST_KEY_UILaunchStoryboardName = LaunchScreen;
				INFOPLIST_KEY_UIMainStoryboardFile = Main;
				INFOPLIST_KEY_UISupportedInterfaceOrientations = UIInterfaceOrientationPortrait;
				INFOPLIST_KEY_UISupportedInterfaceOrientations_iPad = "UIInterfaceOrientationLandscapeLeft UIInterfaceOrientationLandscapeRight UIInterfaceOrientationPortrait UIInterfaceOrientationPortraitUpsideDown";
				IPHONEOS_DEPLOYMENT_TARGET = 13.0;
				LD_RUNPATH_SEARCH_PATHS = (
					"$(inherited)",
					"@executable_path/Frameworks",
				);
				MARKETING_VERSION = 1.0;
				PRODUCT_BUNDLE_IDENTIFIER = "com.oleski.Weather-map";
				PRODUCT_NAME = "$(TARGET_NAME)";
				SUPPORTED_PLATFORMS = "iphoneos iphonesimulator";
				SUPPORTS_MACCATALYST = NO;
				SUPPORTS_MAC_DESIGNED_FOR_IPHONE_IPAD = NO;
				SWIFT_EMIT_LOC_STRINGS = YES;
				SWIFT_VERSION = 5.0;
				TARGETED_DEVICE_FAMILY = 1;
			};
			name = Release;
		};
		4928D94E294F8F61005ABA2B /* Debug */ = {
			isa = XCBuildConfiguration;
			baseConfigurationReference = FCE98555D094AE8E4DB376E8 /* Pods-Weather mapTests.debug.xcconfig */;
			buildSettings = {
				ALWAYS_EMBED_SWIFT_STANDARD_LIBRARIES = YES;
				BUNDLE_LOADER = "$(TEST_HOST)";
				CODE_SIGN_STYLE = Automatic;
				CURRENT_PROJECT_VERSION = 1;
				DEVELOPMENT_TEAM = WG482W7ASB;
				GENERATE_INFOPLIST_FILE = YES;
				IPHONEOS_DEPLOYMENT_TARGET = 16.0;
				MARKETING_VERSION = 1.0;
				PRODUCT_BUNDLE_IDENTIFIER = "com.oleski.Weather-mapTests";
				PRODUCT_NAME = "$(TARGET_NAME)";
				SWIFT_EMIT_LOC_STRINGS = NO;
				SWIFT_VERSION = 5.0;
				TARGETED_DEVICE_FAMILY = "1,2";
				TEST_HOST = "$(BUILT_PRODUCTS_DIR)/Weather map.app/$(BUNDLE_EXECUTABLE_FOLDER_PATH)/Weather map";
			};
			name = Debug;
		};
		4928D94F294F8F61005ABA2B /* Release */ = {
			isa = XCBuildConfiguration;
			baseConfigurationReference = E507C216FD10D2216EA1A1D4 /* Pods-Weather mapTests.release.xcconfig */;
			buildSettings = {
				ALWAYS_EMBED_SWIFT_STANDARD_LIBRARIES = YES;
				BUNDLE_LOADER = "$(TEST_HOST)";
				CODE_SIGN_STYLE = Automatic;
				CURRENT_PROJECT_VERSION = 1;
				DEVELOPMENT_TEAM = WG482W7ASB;
				GENERATE_INFOPLIST_FILE = YES;
				IPHONEOS_DEPLOYMENT_TARGET = 16.0;
				MARKETING_VERSION = 1.0;
				PRODUCT_BUNDLE_IDENTIFIER = "com.oleski.Weather-mapTests";
				PRODUCT_NAME = "$(TARGET_NAME)";
				SWIFT_EMIT_LOC_STRINGS = NO;
				SWIFT_VERSION = 5.0;
				TARGETED_DEVICE_FAMILY = "1,2";
				TEST_HOST = "$(BUILT_PRODUCTS_DIR)/Weather map.app/$(BUNDLE_EXECUTABLE_FOLDER_PATH)/Weather map";
			};
			name = Release;
		};
		4928D951294F8F61005ABA2B /* Debug */ = {
			isa = XCBuildConfiguration;
			baseConfigurationReference = EA405503CCF7F17175299FFC /* Pods-Weather map-Weather mapUITests.debug.xcconfig */;
			buildSettings = {
				ALWAYS_EMBED_SWIFT_STANDARD_LIBRARIES = YES;
				CODE_SIGN_STYLE = Automatic;
				CURRENT_PROJECT_VERSION = 1;
				DEVELOPMENT_TEAM = WG482W7ASB;
				GENERATE_INFOPLIST_FILE = YES;
				MARKETING_VERSION = 1.0;
				PRODUCT_BUNDLE_IDENTIFIER = "com.oleski.Weather-mapUITests";
				PRODUCT_NAME = "$(TARGET_NAME)";
				SWIFT_EMIT_LOC_STRINGS = NO;
				SWIFT_VERSION = 5.0;
				TARGETED_DEVICE_FAMILY = "1,2";
				TEST_TARGET_NAME = "Weather map";
			};
			name = Debug;
		};
		4928D952294F8F61005ABA2B /* Release */ = {
			isa = XCBuildConfiguration;
			baseConfigurationReference = 6B5895A244A6D40F9A56CCF7 /* Pods-Weather map-Weather mapUITests.release.xcconfig */;
			buildSettings = {
				ALWAYS_EMBED_SWIFT_STANDARD_LIBRARIES = YES;
				CODE_SIGN_STYLE = Automatic;
				CURRENT_PROJECT_VERSION = 1;
				DEVELOPMENT_TEAM = WG482W7ASB;
				GENERATE_INFOPLIST_FILE = YES;
				MARKETING_VERSION = 1.0;
				PRODUCT_BUNDLE_IDENTIFIER = "com.oleski.Weather-mapUITests";
				PRODUCT_NAME = "$(TARGET_NAME)";
				SWIFT_EMIT_LOC_STRINGS = NO;
				SWIFT_VERSION = 5.0;
				TARGETED_DEVICE_FAMILY = "1,2";
				TEST_TARGET_NAME = "Weather map";
			};
			name = Release;
		};
/* End XCBuildConfiguration section */

/* Begin XCConfigurationList section */
		4928D91B294F8F5E005ABA2B /* Build configuration list for PBXProject "Weather map" */ = {
			isa = XCConfigurationList;
			buildConfigurations = (
				4928D948294F8F61005ABA2B /* Debug */,
				4928D949294F8F61005ABA2B /* Release */,
			);
			defaultConfigurationIsVisible = 0;
			defaultConfigurationName = Release;
		};
		4928D94A294F8F61005ABA2B /* Build configuration list for PBXNativeTarget "Weather map" */ = {
			isa = XCConfigurationList;
			buildConfigurations = (
				4928D94B294F8F61005ABA2B /* Debug */,
				4928D94C294F8F61005ABA2B /* Release */,
			);
			defaultConfigurationIsVisible = 0;
			defaultConfigurationName = Release;
		};
		4928D94D294F8F61005ABA2B /* Build configuration list for PBXNativeTarget "Weather mapTests" */ = {
			isa = XCConfigurationList;
			buildConfigurations = (
				4928D94E294F8F61005ABA2B /* Debug */,
				4928D94F294F8F61005ABA2B /* Release */,
			);
			defaultConfigurationIsVisible = 0;
			defaultConfigurationName = Release;
		};
		4928D950294F8F61005ABA2B /* Build configuration list for PBXNativeTarget "Weather mapUITests" */ = {
			isa = XCConfigurationList;
			buildConfigurations = (
				4928D951294F8F61005ABA2B /* Debug */,
				4928D952294F8F61005ABA2B /* Release */,
			);
			defaultConfigurationIsVisible = 0;
			defaultConfigurationName = Release;
		};
/* End XCConfigurationList section */

/* Begin XCRemoteSwiftPackageReference section */
		4971E2502969A59D00D7A311 /* XCRemoteSwiftPackageReference "firebase-ios-sdk" */ = {
			isa = XCRemoteSwiftPackageReference;
			repositoryURL = "https://github.com/firebase/firebase-ios-sdk";
			requirement = {
				kind = upToNextMajorVersion;
				minimumVersion = 9.0.0;
			};
		};
/* End XCRemoteSwiftPackageReference section */

/* Begin XCSwiftPackageProductDependency section */
		4971E2512969A59D00D7A311 /* FirebaseAnalytics */ = {
			isa = XCSwiftPackageProductDependency;
			package = 4971E2502969A59D00D7A311 /* XCRemoteSwiftPackageReference "firebase-ios-sdk" */;
			productName = FirebaseAnalytics;
		};
		4971E2532969A59D00D7A311 /* FirebaseAnalyticsSwift */ = {
			isa = XCSwiftPackageProductDependency;
			package = 4971E2502969A59D00D7A311 /* XCRemoteSwiftPackageReference "firebase-ios-sdk" */;
			productName = FirebaseAnalyticsSwift;
		};
		4971E2552969A59D00D7A311 /* FirebaseCrashlytics */ = {
			isa = XCSwiftPackageProductDependency;
			package = 4971E2502969A59D00D7A311 /* XCRemoteSwiftPackageReference "firebase-ios-sdk" */;
			productName = FirebaseCrashlytics;
		};
		4971E2572969A59D00D7A311 /* FirebasePerformance */ = {
			isa = XCSwiftPackageProductDependency;
			package = 4971E2502969A59D00D7A311 /* XCRemoteSwiftPackageReference "firebase-ios-sdk" */;
			productName = FirebasePerformance;
		};
		4971E2592969A59D00D7A311 /* FirebaseRemoteConfig */ = {
			isa = XCSwiftPackageProductDependency;
			package = 4971E2502969A59D00D7A311 /* XCRemoteSwiftPackageReference "firebase-ios-sdk" */;
			productName = FirebaseRemoteConfig;
		};
		4971E25B2969A59D00D7A311 /* FirebaseRemoteConfigSwift */ = {
			isa = XCSwiftPackageProductDependency;
			package = 4971E2502969A59D00D7A311 /* XCRemoteSwiftPackageReference "firebase-ios-sdk" */;
			productName = FirebaseRemoteConfigSwift;
		};
/* End XCSwiftPackageProductDependency section */
	};
	rootObject = 4928D918294F8F5E005ABA2B /* Project object */;
}
